{
  "name": "universal-brute-workpack",
  "version": "0.1.8",
  "lockfileVersion": 3,
  "requires": true,
  "packages": {
    "": {
      "name": "universal-brute-workpack",
      "version": "0.1.8",
      "license": "BUSL-1.1",
      "bin": {
        "universal-brute-workpack": "src/bridge.js"
      },
      "engines": {
        "node": ">=20"
      }
    }
  }
}
